
Microsoft Visual Studio Solution File, Format Version 12.00
# Visual Studio Version 16
VisualStudioVersion = 16.0.32126.315
MinimumVisualStudioVersion = 10.0.40219.1
Project("{FAE04EC0-301F-11D3-BF4B-00C04F79EFBC}") = "CRUD_Operations", "CRUD_Operations\CRUD_Operations.csproj", "{1E383FF1-475A-4872-9AD2-FADAAC95A4CC}"
EndProject
Global
	GlobalSection(SolutionConfigurationPlatforms) = preSolution
		Debug|Any CPU = Debug|Any CPU
		Release|Any CPU = Release|Any CPU
	EndGlobalSection
	GlobalSection(ProjectConfigurationPlatforms) = postSolution
		{1E383FF1-475A-4872-9AD2-FADAAC95A4CC}.Debug|Any CPU.ActiveCfg = Debug|Any CPU
		{1E383FF1-475A-4872-9AD2-FADAAC95A4CC}.Debug|Any CPU.Build.0 = Debug|Any CPU
		{1E383FF1-475A-4872-9AD2-FADAAC95A4CC}.Release|Any CPU.ActiveCfg = Release|Any CPU
		{1E383FF1-475A-4872-9AD2-FADAAC95A4CC}.Release|Any CPU.Build.0 = Release|Any CPU
	EndGlobalSection
	GlobalSection(SolutionProperties) = preSolution
		HideSolutionNode = FALSE
	EndGlobalSection
	GlobalSection(ExtensibilityGlobals) = postSolution
		SolutionGuid = {6BEE266E-EA84-4D61-B6FB-4AB530DD0A89}
	EndGlobalSection
EndGlobal
