
Microsoft Visual Studio Solution File, Format Version 12.00
# Visual Studio Version 16
VisualStudioVersion = 16.0.32126.315
MinimumVisualStudioVersion = 10.0.40219.1
Project("{FAE04EC0-301F-11D3-BF4B-00C04F79EFBC}") = "Employee_Management_System", "Employee_Management_System\Employee_Management_System.csproj", "{EC24A4CC-B2D6-4EA0-BD40-432D5D4B61AF}"
EndProject
Global
	GlobalSection(SolutionConfigurationPlatforms) = preSolution
		Debug|Any CPU = Debug|Any CPU
		Release|Any CPU = Release|Any CPU
	EndGlobalSection
	GlobalSection(ProjectConfigurationPlatforms) = postSolution
		{EC24A4CC-B2D6-4EA0-BD40-432D5D4B61AF}.Debug|Any CPU.ActiveCfg = Debug|Any CPU
		{EC24A4CC-B2D6-4EA0-BD40-432D5D4B61AF}.Debug|Any CPU.Build.0 = Debug|Any CPU
		{EC24A4CC-B2D6-4EA0-BD40-432D5D4B61AF}.Release|Any CPU.ActiveCfg = Release|Any CPU
		{EC24A4CC-B2D6-4EA0-BD40-432D5D4B61AF}.Release|Any CPU.Build.0 = Release|Any CPU
	EndGlobalSection
	GlobalSection(SolutionProperties) = preSolution
		HideSolutionNode = FALSE
	EndGlobalSection
	GlobalSection(ExtensibilityGlobals) = postSolution
		SolutionGuid = {FF7DEA61-D3B8-47AA-B334-81304B981859}
	EndGlobalSection
EndGlobal
